{
  "nodes": {
    "nixos-hardware": {
      "locked": {
        "lastModified": 1756245047,
        "narHash": "sha256-9bHzrVbjAudbO8q4vYFBWlEkDam31fsz0J7GB8k4AsI=",
        "owner": "NixOS",
        "repo": "nixos-hardware",
        "rev": "a65b650d6981e23edd1afa1f01eb942f19cdcbb7",
        "type": "github"
      },
      "original": {
        "owner": "NixOS",
        "ref": "master",
        "repo": "nixos-hardware",
        "type": "github"
      }
    },
    "nixpkgs": {
      "locked": {
        "lastModified": 1756266583,
        "narHash": "sha256-cr748nSmpfvnhqSXPiCfUPxRz2FJnvf/RjJGvFfaCsM=",
        "owner": "nixos",
        "repo": "nixpkgs",
        "rev": "8a6d5427d99ec71c64f0b93d45778c889005d9c2",
        "type": "github"
      },
      "original": {
        "owner": "nixos",
        "ref": "nixos-unstable",
        "repo": "nixpkgs",
        "type": "github"
      }
    },
    "root": {
      "inputs": {
        "nixos-hardware": "nixos-hardware",
        "nixpkgs": "nixpkgs"
      }
    }
  },
  "root": "root",
  "version": 7
}
